<Project xmlns="http://schemas.microsoft.com/developer/msbuild/2003">
    <PropertyGroup>
        <ProjectGuid>{56F2D63E-3BA7-4968-9EDB-E94B00DCB5E7}</ProjectGuid>
        <MainSource>I9vareTesouraria.dpr</MainSource>
        <Base>True</Base>
        <Config Condition="'$(Config)'==''">Debug</Config>
        <TargetedPlatforms>1</TargetedPlatforms>
        <AppType>Application</AppType>
        <FrameworkType>VCL</FrameworkType>
        <ProjectVersion>16.1</ProjectVersion>
        <Platform Condition="'$(Platform)'==''">Win32</Platform>
    </PropertyGroup>
    <PropertyGroup Condition="'$(Config)'=='Base' or '$(Base)'!=''">
        <Base>true</Base>
    </PropertyGroup>
    <PropertyGroup Condition="('$(Platform)'=='Win32' and '$(Base)'=='true') or '$(Base_Win32)'!=''">
        <Base_Win32>true</Base_Win32>
        <CfgParent>Base</CfgParent>
        <Base>true</Base>
    </PropertyGroup>
    <PropertyGroup Condition="('$(Platform)'=='Win64' and '$(Base)'=='true') or '$(Base_Win64)'!=''">
        <Base_Win64>true</Base_Win64>
        <CfgParent>Base</CfgParent>
        <Base>true</Base>
    </PropertyGroup>
    <PropertyGroup Condition="'$(Config)'=='Release' or '$(Cfg_1)'!=''">
        <Cfg_1>true</Cfg_1>
        <CfgParent>Base</CfgParent>
        <Base>true</Base>
    </PropertyGroup>
    <PropertyGroup Condition="'$(Config)'=='Debug' or '$(Cfg_2)'!=''">
        <Cfg_2>true</Cfg_2>
        <CfgParent>Base</CfgParent>
        <Base>true</Base>
    </PropertyGroup>
    <PropertyGroup Condition="('$(Platform)'=='Win32' and '$(Cfg_2)'=='true') or '$(Cfg_2_Win32)'!=''">
        <Cfg_2_Win32>true</Cfg_2_Win32>
        <CfgParent>Cfg_2</CfgParent>
        <Cfg_2>true</Cfg_2>
        <Base>true</Base>
    </PropertyGroup>
    <PropertyGroup Condition="'$(Base)'!=''">
        <SanitizedProjectName>I9vareTesouraria</SanitizedProjectName>
        <VerInfo_Locale>1046</VerInfo_Locale>
        <DCC_K>false</DCC_K>
        <DCC_ImageBase>00400000</DCC_ImageBase>
        <DCC_Namespace>Vcl;Vcl.Imaging;Vcl.Touch;Vcl.Samples;Vcl.Shell;System;Xml;Data;Datasnap;Web;Soap;Winapi;Geral.Model;$(DCC_Namespace)</DCC_Namespace>
        <VerInfo_Keys>CompanyName=;FileDescription=;FileVersion=1.0.0.0;InternalName=;LegalCopyright=;LegalTrademarks=;OriginalFilename=;ProductName=;ProductVersion=1.0.0.0;Comments=;CFBundleName=</VerInfo_Keys>
        <DCC_S>false</DCC_S>
        <DCC_F>false</DCC_F>
        <DCC_N>false</DCC_N>
        <DCC_E>false</DCC_E>
    </PropertyGroup>
    <PropertyGroup Condition="'$(Base_Win32)'!=''">
        <DCC_UsePackage>vcl;vcldb;$(DCC_UsePackage)</DCC_UsePackage>
        <DCC_Namespace>System.Win;Data.Win;Datasnap.Win;Web.Win;Soap.Win;Xml.Win;Bde;$(DCC_Namespace)</DCC_Namespace>
        <Icon_MainIcon>I9vareTesouraria_Icon.ico</Icon_MainIcon>
        <Manifest_File>$(BDS)\bin\default_app.manifest</Manifest_File>
        <VerInfo_IncludeVerInfo>true</VerInfo_IncludeVerInfo>
        <VerInfo_Keys>CompanyName=;FileDescription=;FileVersion=1.0.0.0;InternalName=;LegalCopyright=;LegalTrademarks=;OriginalFilename=;ProductName=;ProductVersion=1.0.0.0;Comments=</VerInfo_Keys>
        <VerInfo_Locale>1033</VerInfo_Locale>
    </PropertyGroup>
    <PropertyGroup Condition="'$(Base_Win64)'!=''">
        <DCC_UsePackage>vcl;vcldb;$(DCC_UsePackage)</DCC_UsePackage>
        <Manifest_File>$(BDS)\bin\default_app.manifest</Manifest_File>
        <Icon_MainIcon>I9vareTesouraria_Icon.ico</Icon_MainIcon>
    </PropertyGroup>
    <PropertyGroup Condition="'$(Cfg_1)'!=''">
        <DCC_LocalDebugSymbols>false</DCC_LocalDebugSymbols>
        <DCC_DebugInformation>0</DCC_DebugInformation>
        <DCC_SymbolReferenceInfo>0</DCC_SymbolReferenceInfo>
        <DCC_Define>RELEASE;$(DCC_Define)</DCC_Define>
    </PropertyGroup>
    <PropertyGroup Condition="'$(Cfg_2)'!=''">
        <DCC_Define>DEBUG;$(DCC_Define)</DCC_Define>
        <DCC_Optimize>false</DCC_Optimize>
        <DCC_GenerateStackFrames>true</DCC_GenerateStackFrames>
    </PropertyGroup>
    <PropertyGroup Condition="'$(Cfg_2_Win32)'!=''">
        <DCC_DcuOutput>D:\Projeto UDV\ProjetosUDV_NOVO\trunk</DCC_DcuOutput>
        <VerInfo_Locale>1033</VerInfo_Locale>
        <VerInfo_IncludeVerInfo>true</VerInfo_IncludeVerInfo>
        <DCC_ExeOutput>D:\Projeto UDV\ProjetosUDV_NOVO\trunk</DCC_ExeOutput>
        <VerInfo_Keys>CompanyName=;FileDescription=;FileVersion=1.0.0.0;InternalName=;LegalCopyright=;LegalTrademarks=;OriginalFilename=;ProductName=;ProductVersion=1.0.0.0;Comments=</VerInfo_Keys>
    </PropertyGroup>
    <ItemGroup>
        <DelphiCompile Include="$(MainSource)">
            <MainSource>MainSource</MainSource>
        </DelphiCompile>
        <DCCReference Include="..\..\Tri7_DBExpress\Projeto_Geral\trunk\Source_Geral\CadBasico.pas">
            <Form>frmCadBasico</Form>
        </DCCReference>
        <DCCReference Include="..\..\Tri7_DBExpress\Projeto_Geral\trunk\Source_Geral\FrameEditorSimples.pas">
            <Form>fmeEditorSimples</Form>
            <DesignClass>TFrame</DesignClass>
        </DCCReference>
        <DCCReference Include="Source_Geral_Exclusivo\VisualizaRelatorios.pas">
            <Form>frmVisualizaRelatorios</Form>
        </DCCReference>
        <DCCReference Include="..\..\Tri7_DBExpress\Projeto_Geral\trunk\Source_Geral\CadAuxiliar.pas">
            <Form>frmCadAuxiliar</Form>
        </DCCReference>
        <DCCReference Include="..\..\Tri7_DBExpress\Projeto_Geral\trunk\Source_Geral\Versao.pas"/>
        <DCCReference Include="..\..\Tri7_DBExpress\Projeto_Geral\trunk\Source_Geral\AnimationThread.pas"/>
        <DCCReference Include="..\..\Tri7_DBExpress\Projeto_Geral\trunk\Source_Geral\Atalhos.pas">
            <Form>frmAtalho</Form>
        </DCCReference>
        <DCCReference Include="..\..\Tri7_DBExpress\Projeto_Geral\trunk\Source_Geral\CadastroBasicoGeral.pas">
            <Form>frmCadastroBasicoGeral</Form>
        </DCCReference>
        <DCCReference Include="..\..\Tri7_DBExpress\Projeto_Geral\trunk\Source_Geral\Config.pas">
            <Form>frmConfig</Form>
        </DCCReference>
        <DCCReference Include="..\..\Tri7_DBExpress\Projeto_Geral\trunk\Source_Geral\ConfigRelatorios.pas">
            <Form>frmConfigRelatorios</Form>
        </DCCReference>
        <DCCReference Include="..\..\Tri7_DBExpress\Projeto_Geral\trunk\Source_Geral\ControleVariaveis.pas"/>
        <DCCReference Include="..\..\Tri7_DBExpress\Projeto_Geral\trunk\Source_Geral\DicionarioGramatical.pas">
            <Form>frmDicionarioGramatical</Form>
        </DCCReference>
        <DCCReference Include="..\..\Tri7_DBExpress\Projeto_Geral\trunk\Source_Geral\EditorTexto.pas">
            <Form>frmEditorTexto</Form>
        </DCCReference>
        <DCCReference Include="..\..\Tri7_DBExpress\Projeto_Geral\trunk\Source_Geral\GrupoRelatorios.pas">
            <Form>frmGrupoRelatorio</Form>
        </DCCReference>
        <DCCReference Include="Source_Tesouraria\Login.pas">
            <Form>frmLogin</Form>
        </DCCReference>
        <DCCReference Include="..\..\Tri7_DBExpress\Projeto_Geral\trunk\Source_Geral\LoginAlteracao.pas">
            <Form>frmLoginAlteracao</Form>
        </DCCReference>
        <DCCReference Include="..\..\Tri7_DBExpress\Projeto_Geral\trunk\Source_Geral\MarcacaoAutomatica.pas">
            <Form>frmMarcacaoAutomatica</Form>
        </DCCReference>
        <DCCReference Include="..\..\Tri7_DBExpress\Projeto_Geral\trunk\Source_Geral\MarcacaoTipo.pas">
            <Form>frmMarcacaoTipo</Form>
        </DCCReference>
        <DCCReference Include="..\..\Tri7_DBExpress\Projeto_Geral\trunk\Source_Geral\MostrarImagem.pas">
            <Form>frmMostrarImagem</Form>
        </DCCReference>
        <DCCReference Include="..\..\Tri7_DBExpress\Projeto_Geral\trunk\Source_Geral\PalavraGramatical.pas">
            <Form>frmPalavraGramatical</Form>
        </DCCReference>
        <DCCReference Include="..\..\Tri7_DBExpress\Projeto_Geral\trunk\Source_Geral\PermissaoGrupo.pas">
            <Form>frmPermissaogrupo</Form>
        </DCCReference>
        <DCCReference Include="..\..\Tri7_DBExpress\Projeto_Geral\trunk\Source_Geral\PermissaoUsuario.pas">
            <Form>frmPermissaousuario</Form>
        </DCCReference>
        <DCCReference Include="..\..\Tri7_DBExpress\Projeto_Geral\trunk\Source_Geral\PesquisaGeral.pas">
            <Form>frmPesquisa</Form>
        </DCCReference>
        <DCCReference Include="..\..\Tri7_DBExpress\Projeto_Principal\Financeiro\trunk\Source_JuridicoFinanceiro\PessoaPreCadastro.pas">
            <Form>frmPessoaPreCadastro</Form>
        </DCCReference>
        <DCCReference Include="..\..\Tri7_DBExpress\Projeto_Geral\trunk\Source_Geral\Relatorio.pas">
            <Form>frmRelatorio</Form>
        </DCCReference>
        <DCCReference Include="..\..\Tri7_DBExpress\Projeto_Geral\trunk\Source_Geral\Rotinas.pas"/>
        <DCCReference Include="..\..\Tri7_DBExpress\Projeto_Geral\trunk\Source_Geral\TBPRN.pas"/>
        <DCCReference Include="..\..\Tri7_DBExpress\Projeto_Geral\trunk\Source_Geral\TextoModelo.pas">
            <Form>frmTextoModelo</Form>
        </DCCReference>
        <DCCReference Include="..\..\Tri7_DBExpress\Projeto_Geral\trunk\Source_Geral\TipoVinculoGramatical.pas">
            <Form>frmTipoVinculoGramatical</Form>
        </DCCReference>
        <DCCReference Include="..\..\Tri7_DBExpress\Projeto_Geral\trunk\Source_Geral\ValoresDiversos.pas">
            <Form>frmValoresDiversos</Form>
        </DCCReference>
        <DCCReference Include="..\..\Tri7_DBExpress\Projeto_Geral\trunk\Source_Geral\CapturarBiometria.pas">
            <Form>frmCapturarBiometria</Form>
        </DCCReference>
        <DCCReference Include="..\..\Tri7_DBExpress\Projeto_Geral\trunk\Source_Geral\RotinasFingkey.pas"/>
        <DCCReference Include="..\..\Tri7_DBExpress\Projeto_Geral\trunk\Source_Geral\CapturarBiometriaVerifica.pas">
            <Form>frmCapturarBiometriaVerifica</Form>
        </DCCReference>
        <DCCReference Include="..\..\Tri7_DBExpress\Projeto_Geral\trunk\Source_Geral\MarcacaoTipoAtualizar.pas">
            <Form>frmMarcacaoTipoAtualizar</Form>
        </DCCReference>
        <DCCReference Include="..\..\Tri7_DBExpress\Projeto_Geral\trunk\Source_Geral\Atualizacao.pas">
            <Form>frmAtualizacao</Form>
        </DCCReference>
        <DCCReference Include="..\..\Tri7_DBExpress\Projeto_Geral\trunk\Source_Geral\PessoaIgual.pas">
            <Form>frmPessoaIgual</Form>
        </DCCReference>
        <DCCReference Include="Source_Geral_Exclusivo\Controles.pas">
            <Form>dtmControles</Form>
            <DesignClass>TDataModule</DesignClass>
        </DCCReference>
        <DCCReference Include="Source_Tesouraria\Cadastro.pas"/>
        <DCCReference Include="Source_Tesouraria\Principal.pas">
            <Form>frmPrincipal</Form>
        </DCCReference>
        <DCCReference Include="Source_Tesouraria\CadCedente.pas">
            <Form>frmCadCedente</Form>
        </DCCReference>
        <DCCReference Include="Source_Tesouraria\CadBalanceteGrupo.pas">
            <Form>frmCadGrupoBalancete</Form>
        </DCCReference>
        <DCCReference Include="Source_Tesouraria\CadPlanoContas.pas">
            <Form>frmCadPlanoContas</Form>
        </DCCReference>
        <DCCReference Include="Source_Tesouraria\MostrarCedente.pas">
            <Form>frmAlterarCedente</Form>
        </DCCReference>
        <DCCReference Include="Source_Tesouraria\PessoaUDV.pas">
            <Form>frmCadPessoaUDV</Form>
        </DCCReference>
        <DCCReference Include="..\..\Tri7_DBExpress\Projeto_Geral\trunk\Source_Geral\FrameAssinaturaDigital.pas">
            <Form>fmeAssinaturaDigital</Form>
            <DesignClass>TFrame</DesignClass>
        </DCCReference>
        <DCCReference Include="Source_Tesouraria\PessoaPesquisa.pas">
            <Form>frmPessoaPesquisa</Form>
        </DCCReference>
        <DCCReference Include="Source_Tesouraria\Splash.pas">
            <Form>frmSplash</Form>
        </DCCReference>
        <DCCReference Include="Source_Tesouraria\CadGrupoFamiliar.pas">
            <Form>frmCadGrupoFamiliar</Form>
        </DCCReference>
        <DCCReference Include="Source_Tesouraria\CadCentroCusto.pas">
            <Form>frmCadCentroCusto</Form>
        </DCCReference>
        <DCCReference Include="Source_Tesouraria\LancamentoAdiantado.pas">
            <Form>frmLancamentoAdiantado</Form>
        </DCCReference>
        <DCCReference Include="Source_Tesouraria\GerenciadorCompromisso.pas">
            <Form>frmGerenciadorCompromisso</Form>
        </DCCReference>
        <DCCReference Include="Source_Tesouraria\FrameCompromisso.pas">
            <Form>fmeCompromisso</Form>
            <DesignClass>TFrame</DesignClass>
        </DCCReference>
        <DCCReference Include="Source_Tesouraria\Sincronizar.pas">
            <Form>frmSincronizar</Form>
        </DCCReference>
        <DCCReference Include="Source_Tesouraria\CadReservaCadastro.pas">
            <Form>frmCadReservaCadastro</Form>
        </DCCReference>
        <DCCReference Include="Source_Tesouraria\SelecionarBoletoEnviar.pas">
            <Form>frmSelecionarBoletoEnviar</Form>
        </DCCReference>
        <DCCReference Include="Source_Tesouraria\GerenciadorRecebimento.pas">
            <Form>frmGerenciadorRecebimento</Form>
        </DCCReference>
        <DCCReference Include="Source_Boleta\CodigoBarras.pas"/>
        <DCCReference Include="Source_Boleta\FuncAux.pas"/>
        <DCCReference Include="Source_Tesouraria\CadEnvioEmail.pas">
            <Form>frmCadEnvioEmail</Form>
        </DCCReference>
        <DCCReference Include="Source_Tesouraria\SelecionarAssociado.pas">
            <Form>frmSelecionarAssociado</Form>
        </DCCReference>
        <DCCReference Include="Source_Tesouraria\VisualizaBoleto.pas">
            <Form>frmVisualizaBoleto</Form>
        </DCCReference>
        <DCCReference Include="Source_Tesouraria\NaoAssociado.pas">
            <Form>frmNaoAssociado</Form>
        </DCCReference>
        <DCCReference Include="Source_Tesouraria\ConfirmacaoRecibo.pas">
            <Form>frmConfirmacaoRecibo</Form>
        </DCCReference>
        <DCCReference Include="Source_Tesouraria\GerenciadorSaidas.pas">
            <Form>frmGerenciadorSaidas</Form>
        </DCCReference>
        <DCCReference Include="Source_Tesouraria\ControleBalancete.pas">
            <Form>frmControleBalancete</Form>
        </DCCReference>
        <DCCReference Include="Source_Tesouraria\TituloRelatorio.pas">
            <Form>frmTituloRelatorio</Form>
        </DCCReference>
        <DCCReference Include="Source_Tesouraria\ReajustarValorCompromisso.pas"/>
        <DCCReference Include="Source_Tesouraria\ProgramacaoAjuste.pas"/>
        <DCCReference Include="..\..\Tri7_DBExpress\Projeto_Geral\trunk\Source_Geral\InputForm.pas">
            <Form>frmInputForm</Form>
        </DCCReference>
        <DCCReference Include="Source_Geral_Exclusivo\Lookup.pas">
            <Form>dtmLookup</Form>
            <DesignClass>TDataModule</DesignClass>
        </DCCReference>
        <DCCReference Include="Source_Geral_Exclusivo\Pesquisa.pas"/>
        <DCCReference Include="Source_Geral_Exclusivo\ValidarPermissaoUsuario.pas">
            <Form>frmValidarPermissaoUsuario</Form>
        </DCCReference>
        <DCCReference Include="..\..\Tri7_DBExpress\Projeto_Geral\trunk\Source_Geral\WPTAddict.pas"/>
        <DCCReference Include="Source_Tesouraria\Sobre.pas">
            <Form>frmSobre</Form>
        </DCCReference>
        <DCCReference Include="Source_Tesouraria\Movimentacao.pas">
            <Form>frmMovimentacao</Form>
        </DCCReference>
        <DCCReference Include="Source_Tesouraria\BackupRestaura.pas">
            <Form>frmBackupRestaura</Form>
        </DCCReference>
        <DCCReference Include="Source_Tesouraria\Usuario.pas">
            <Form>frmUsuario</Form>
        </DCCReference>
        <DCCReference Include="Source_Tesouraria\UsuarioSistema.pas">
            <Form>frmUsuarioSistema</Form>
        </DCCReference>
        <DCCReference Include="..\..\Tri7_DBExpress\Projeto_Geral\trunk\Source_Geral\CharPrinter.pas"/>
        <DCCReference Include="..\..\Tri7_DBExpress\Projeto_Geral\trunk\Source_Geral\AtualizacaoSistema.pas"/>
        <DCCReference Include="..\..\Tri7_DBExpress\Projeto_Geral\trunk\Source_Geral\Conexao.pas"/>
        <DCCReference Include="..\..\Tri7_DBExpress\Projeto_Geral\trunk\Source_Geral\LookupBoleto.pas">
            <Form>dtmLookupBoleto</Form>
            <DesignClass>TDataModule</DesignClass>
        </DCCReference>
        <DCCReference Include="Source_Financeiro\LookupFinanceiro.pas">
            <Form>dtmLookupFinanceiro</Form>
            <DesignClass>TDataModule</DesignClass>
        </DCCReference>
        <DCCReference Include="Source_Financeiro\TelaBranco.pas">
            <Form>frmTelaBranco</Form>
        </DCCReference>
        <DCCReference Include="Source_Financeiro\Lookup_Contabil.pas">
            <Form>dtmLookupContabil</Form>
            <DesignClass>TDataModule</DesignClass>
        </DCCReference>
        <DCCReference Include="Source_Financeiro\Lookup_Servico.pas">
            <Form>dtmLookupServico</Form>
            <DesignClass>TDataModule</DesignClass>
        </DCCReference>
        <DCCReference Include="..\..\Tri7_DBExpress\Projeto_Geral\trunk\Source_Geral\CadastroAuxSimplificado.pas">
            <Form>frmCadastroAuxSimplificado</Form>
        </DCCReference>
        <DCCReference Include="Source_Financeiro\CadastroRapidoContas.pas">
            <Form>frmCadastroRapidoContas</Form>
        </DCCReference>
        <DCCReference Include="Source_Financeiro\Confirmacao.pas">
            <Form>frmConfirmacao</Form>
        </DCCReference>
        <DCCReference Include="Source_Financeiro\Pessoa.pas">
            <Form>frmCadPessoa</Form>
        </DCCReference>
        <DCCReference Include="Source_Financeiro\SaldoDetalhado.pas">
            <Form>frmSaldoDetalhado</Form>
        </DCCReference>
        <DCCReference Include="Source_Financeiro\Agendamento.pas">
            <Form>frmAgendamento</Form>
        </DCCReference>
        <DCCReference Include="Source_Financeiro\Previsao.pas">
            <Form>frmPrevisao</Form>
        </DCCReference>
        <DCCReference Include="Source_Financeiro\CadastroRapidoLancamento.pas">
            <Form>frmCadastroRapidoLancamento</Form>
        </DCCReference>
        <DCCReference Include="Source_Financeiro\RegistroParcial.pas">
            <Form>frmCadastroRapidoRegistroParcial</Form>
        </DCCReference>
        <DCCReference Include="Source_Financeiro\CadastroRapidoTransfProvisao.pas">
            <Form>frmCadastroRapidoTransfProvisao</Form>
        </DCCReference>
        <DCCReference Include="Source_Financeiro\CaixaFinanceiro.pas">
            <Form>frmCaixaFinanceiro</Form>
        </DCCReference>
        <DCCReference Include="Source_Financeiro\LivroCaixa.pas">
            <Form>frmLivroCaixa</Form>
        </DCCReference>
        <DCCReference Include="Source_Financeiro\frmPropDlg.pas">
            <Form>PropertiesDlg</Form>
        </DCCReference>
        <DCCReference Include="Source_Financeiro\PdfToTiff.pas"/>
        <DCCReference Include="Source_Financeiro\CadastroRapidoalteraLIvroCaixa.pas">
            <Form>frmCadastroRapidoAlteraLivroCaixa</Form>
        </DCCReference>
        <DCCReference Include="Source_Financeiro\RelatorioFinanceiro.pas">
            <Form>frmCadRelatorioFinanceiro</Form>
        </DCCReference>
        <DCCReference Include="Source_Financeiro\GridVisualizacao.pas">
            <Form>frmGridVisualizacao</Form>
        </DCCReference>
        <DCCReference Include="Source_Tesouraria\CadGrupoContabil.pas">
            <Form>frmCadGrupoContabil</Form>
        </DCCReference>
        <DCCReference Include="Source_Financeiro\CadastroRapidoOrcamento.pas">
            <Form>frmCadastroRapidoOrcamento</Form>
        </DCCReference>
        <DCCReference Include="Source_Financeiro\CadastroRapidoOrcTransf.pas">
            <Form>frmCadastroRapidoOrcTransf</Form>
        </DCCReference>
        <DCCReference Include="Source_Financeiro\GerenciaBoletoERemessa.pas">
            <Form>frmGerenciaBoletoRemessa</Form>
        </DCCReference>
        <DCCReference Include="Source_Financeiro\EnviarBoletoPorEmail.pas">
            <Form>frmEnviarBoletoPorEmail</Form>
        </DCCReference>
        <DCCReference Include="..\..\Tri7_DBExpress\Projeto_Geral\trunk\Source_Geral\Agenda.pas">
            <Form>frmAgenda</Form>
        </DCCReference>
        <DCCReference Include="..\..\Tri7_DBExpress\Projeto_Geral\trunk\Source_Geral\FundoTipo.pas"/>
        <DCCReference Include="..\..\Tri7_DBExpress\Projeto_Geral\trunk\Source_Geral\FundoTipoDAO.pas"/>
        <DCCReference Include="Source_Financeiro\CadTipoSaida.pas">
            <Form>frmCadTipoSaida</Form>
        </DCCReference>
        <DCCReference Include="..\..\Tri7_DBExpress\Projeto_Geral\trunk\Source_Geral\FrameEditor.pas">
            <Form>fmeEditor</Form>
            <DesignClass>TFrame</DesignClass>
        </DCCReference>
        <DCCReference Include="Source_Financeiro\CadastroRapidoTransferencia.pas">
            <Form>frmCadastroRapidoTransferencia</Form>
        </DCCReference>
        <DCCReference Include="..\..\Tri7_DBExpress\Projeto_Geral\trunk\Source_Geral\QrCode.pas"/>
        <DCCReference Include="..\..\Tri7_DBExpress\Projeto_Geral\trunk\Source_Geral\DelphiZXIngQRCode.pas"/>
        <DCCReference Include="Source_Tesouraria\FrameCalculadora.pas">
            <Form>fmeCalculadora</Form>
            <DesignClass>TFrame</DesignClass>
        </DCCReference>
        <DCCReference Include="Source_Tesouraria\CalculadoraValores.pas">
            <Form>frmCalculadoraValores</Form>
        </DCCReference>
        <DCCReference Include="..\..\Tri7_DBExpress\Projeto_Geral\trunk\Source_Geral\Geral.Model.Entity.Spec.Enumerator.pas"/>
        <DCCReference Include="..\..\Tri7_DBExpress\Projeto_Geral\trunk\Source_Geral\Geral.Model.Entity.Spec.Configuracao.pas"/>
        <DCCReference Include="..\..\Tri7_DBExpress\Projeto_Geral\trunk\Source_Geral\Geral.Model.Entity.Spec.ConfiguracaoGrupo.pas"/>
        <DCCReference Include="..\..\Tri7_DBExpress\Projeto_Geral\trunk\Source_Geral\Geral.Model.Entity.Spec.Blob.pas"/>
        <DCCReference Include="..\..\Tri7_DBExpress\Projeto_Geral\trunk\Source_Geral\Geral.Model.Entity.Spec.Maybe.pas"/>
        <DCCReference Include="..\..\Tri7_DBExpress\Projeto_Geral\trunk\Source_Geral\Geral.Model.Entity.Spec.TipoValorConfiguracao.pas"/>
        <DCCReference Include="..\..\Tri7_DBExpress\Projeto_Geral\trunk\Source_Geral\Geral.Model.Entity.Spec.Sistema.pas"/>
        <DCCReference Include="..\..\Tri7_DBExpress\Projeto_Geral\trunk\Source_Geral\Geral.Model.Entity.Spec.Situacao.pas"/>
        <DCCReference Include="..\..\Tri7_DBExpress\Projeto_Geral\trunk\Source_Geral\Geral.Model.Entity.Spec.List.pas"/>
        <DCCReference Include="..\..\Tri7_DBExpress\Projeto_Geral\trunk\Source_Geral\Geral.Model.Entity.Spec.List.Transform.pas"/>
        <DCCReference Include="..\..\Tri7_DBExpress\Projeto_Geral\trunk\Source_Geral\Geral.Model.Entity.Impl.Enumerator.Spring.pas"/>
        <DCCReference Include="..\..\Tri7_DBExpress\Projeto_Geral\trunk\Source_Geral\Geral.Model.Entity.Impl.List.Spring.pas"/>
        <DCCReference Include="..\..\Tri7_DBExpress\Projeto_Geral\trunk\Source_Geral\Geral.Model.Entity.Spec.Factory.pas"/>
        <DCCReference Include="..\..\Tri7_DBExpress\Projeto_Geral\trunk\Source_Geral\Geral.Model.Entity.Impl.Configuracao.pas"/>
        <DCCReference Include="..\..\Tri7_DBExpress\Projeto_Geral\trunk\Source_Geral\Geral.Model.Entity.Impl.ConfiguracaoGrupo.pas"/>
        <DCCReference Include="..\..\Tri7_DBExpress\Projeto_Geral\trunk\Source_Geral\Geral.Model.Entity.Impl.List.Transform.pas"/>
        <DCCReference Include="..\..\Tri7_DBExpress\Projeto_Geral\trunk\Source_Geral\Controller\Utils\MensagemUtils.pas"/>
        <DCCReference Include="..\..\Tri7_DBExpress\Projeto_Geral\trunk\Source_Geral\Model\Entity\Helper\BooleanHelper.pas"/>
        <DCCReference Include="Source_Geral_Exclusivo\CadEmailTextoPadraoFin.pas">
            <Form>frmCademailTextoPadraoFin</Form>
        </DCCReference>
        <DCCReference Include="..\..\Tri7_DBExpress\Projeto_Geral\trunk\Source_Geral\FormatImageWPtools.pas"/>
        <DCCReference Include="..\..\Tri7_DBExpress\Projeto_Geral\trunk\Source_Geral\LanDateTimeTools.pas"/>
        <DCCReference Include="..\..\Tri7_Firedac\Desenvolvimento\Projeto_Geral\trunk\Source_Geral\FrameImageNovo\FrameImagem.pas">
            <Form>fmeImagem</Form>
            <DesignClass>TFrame</DesignClass>
        </DCCReference>
        <DCCReference Include="..\..\Tri7_Firedac\Desenvolvimento\Projeto_Geral\trunk\Source_Geral\FrameImageNovo\RotinasImagem.pas"/>
        <DCCReference Include="..\..\Tri7_Firedac\Desenvolvimento\Projeto_Geral\trunk\Source_Geral\FrameImageNovo\VisualizarImagem.pas">
            <Form>frmVisualizarImagem</Form>
        </DCCReference>
        <DCCReference Include="..\..\Tri7_Firedac\Desenvolvimento\Projeto_Geral\trunk\Source_Geral\FrameImageNovo\PesquisaImagem.pas">
            <Form>frmPesquisaImagem</Form>
        </DCCReference>
        <DCCReference Include="D:\Tri7\Desenvolvimento\Projeto_Geral\trunk\Source_Geral\Geral.Model.Entity.Spec.PKI.pas"/>
        <DCCReference Include="D:\Tri7\Desenvolvimento\Projeto_Geral\trunk\Source_Geral\Geral.Controller.Factory.Entity.PDF.pas"/>
        <DCCReference Include="D:\Tri7\Desenvolvimento\Projeto_Geral\trunk\Source_Geral\Geral.Model.Entity.Impl.PDF.Debenu.pas"/>
        <DCCReference Include="D:\Tri7\Desenvolvimento\Projeto_Geral\trunk\Source_Geral\Geral.Controller.Factory.Entity.PKI.pas"/>
        <DCCReference Include="D:\Tri7\Desenvolvimento\Projeto_Geral\trunk\Source_Geral\Geral.Model.Entity.Impl.PKI.XSignPKCS.pas"/>
        <DCCReference Include="D:\Tri7\Desenvolvimento\Projeto_Geral\trunk\Source_Geral\Geral.Model.Entity.Impl.Blob.pas"/>
        <DCCReference Include="D:\Tri7\Desenvolvimento\Projeto_Geral\trunk\Source_Geral\XSign_TLB.pas"/>
        <DCCReference Include="D:\Tri7\Desenvolvimento\Projeto_Geral\trunk\Source_Geral\Geral.Model.Entity.Impl.PKI.Eldos.pas"/>
        <DCCReference Include="D:\Tri7\Desenvolvimento\Projeto_Geral\trunk\Source_Geral\Geral.View.Sel.Certificado.Eldos.pas">
            <Form>frmSelecionarCertificadoEldos</Form>
        </DCCReference>
        <DCCReference Include="Source_Geral_Exclusivo\Geral.Model.PDF.pas"/>
        <DCCReference Include="D:\Tri7\Desenvolvimento\Projeto_Geral\trunk\Source_Geral\Geral.Model.Entity.Spec.PDF.pas"/>
        <DCCReference Include="D:\Tri7\Desenvolvimento\Projeto_Principal\Financeiro\trunk\Source_JuridicoFinanceiro\FN.Model.GED.pas"/>
        <DCCReference Include="D:\Tri7\Desenvolvimento\Projeto_Geral\trunk\Source_Geral\Geral.Model.GED.pas"/>
        <DCCReference Include="D:\Tri7\Desenvolvimento\Projeto_Geral\trunk\Source_Geral\csDXFunctions.pas"/>
        <DCCReference Include="Source_Geral_Exclusivo\CodigoPix.pas"/>
        <DCCReference Include="Source_Geral_Exclusivo\Geral.Model.Entity.Impl.Assinar.PDF.pas"/>
        <DCCReference Include="Source_Geral_Exclusivo\Geral.Model.Entity.Impl.Maybe.pas"/>
        <DCCReference Include="Source_Geral_Exclusivo\Geral.Model.Entity.Impl.Factory.List.pas"/>
        <DCCReference Include="Source_Geral_Exclusivo\Email.pas"/>
        <BuildConfiguration Include="Debug">
            <Key>Cfg_2</Key>
            <CfgParent>Base</CfgParent>
        </BuildConfiguration>
        <BuildConfiguration Include="Base">
            <Key>Base</Key>
        </BuildConfiguration>
        <BuildConfiguration Include="Release">
            <Key>Cfg_1</Key>
            <CfgParent>Base</CfgParent>
        </BuildConfiguration>
    </ItemGroup>
    <ProjectExtensions>
        <Borland.Personality>Delphi.Personality.12</Borland.Personality>
        <Borland.ProjectType/>
        <BorlandProject>
            <Delphi.Personality>
                <Source>
                    <Source Name="MainSource">I9vareTesouraria.dpr</Source>
                </Source>
                <Excluded_Packages>
                    <Excluded_Packages Name="$(BDSBIN)\dcloffice2k210.bpl">Microsoft Office 2000 Sample Automation Server Wrapper Components</Excluded_Packages>
                    <Excluded_Packages Name="$(BDSBIN)\dclofficexp210.bpl">Microsoft Office XP Sample Automation Server Wrapper Components</Excluded_Packages>
                </Excluded_Packages>
            </Delphi.Personality>
            <Platforms>
                <Platform value="Win32">True</Platform>
                <Platform value="Win64">False</Platform>
            </Platforms>
            <Deployment>
                <DeployFile LocalName="..\..\Tri7_DBExpress\Projeto_Geral\trunk\Source_Geral\TBPRN.PAS" Configuration="Debug" Class="ProjectFile">
                    <Platform Name="Win32">
                        <RemoteDir>.\</RemoteDir>
                        <Overwrite>true</Overwrite>
                    </Platform>
                </DeployFile>
                <DeployFile LocalName="I9vareTesouraria.exe" Configuration="Debug" Class="ProjectOutput">
                    <Platform Name="Win32">
                        <RemoteName>I9vareTesouraria.exe</RemoteName>
                        <Overwrite>true</Overwrite>
                    </Platform>
                </DeployFile>
                <DeployClass Required="true" Name="DependencyPackage">
                    <Platform Name="iOSDevice">
                        <Operation>1</Operation>
                        <Extensions>.dylib</Extensions>
                    </Platform>
                    <Platform Name="Win32">
                        <Operation>0</Operation>
                        <Extensions>.bpl</Extensions>
                    </Platform>
                    <Platform Name="OSX32">
                        <RemoteDir>Contents\MacOS</RemoteDir>
                        <Operation>1</Operation>
                        <Extensions>.dylib</Extensions>
                    </Platform>
                    <Platform Name="iOSSimulator">
                        <Operation>1</Operation>
                        <Extensions>.dylib</Extensions>
                    </Platform>
                </DeployClass>
                <DeployClass Name="DependencyModule">
                    <Platform Name="iOSDevice">
                        <Operation>1</Operation>
                        <Extensions>.dylib</Extensions>
                    </Platform>
                    <Platform Name="Win32">
                        <Operation>0</Operation>
                        <Extensions>.dll;.bpl</Extensions>
                    </Platform>
                    <Platform Name="OSX32">
                        <RemoteDir>Contents\MacOS</RemoteDir>
                        <Operation>1</Operation>
                        <Extensions>.dylib</Extensions>
                    </Platform>
                    <Platform Name="iOSSimulator">
                        <Operation>1</Operation>
                        <Extensions>.dylib</Extensions>
                    </Platform>
                </DeployClass>
                <DeployClass Name="iPad_Launch2048">
                    <Platform Name="iOSDevice">
                        <Operation>1</Operation>
                    </Platform>
                    <Platform Name="iOSSimulator">
                        <Operation>1</Operation>
                    </Platform>
                </DeployClass>
                <DeployClass Name="ProjectOSXInfoPList">
                    <Platform Name="OSX32">
                        <RemoteDir>Contents</RemoteDir>
                        <Operation>1</Operation>
                    </Platform>
                </DeployClass>
                <DeployClass Name="ProjectiOSDeviceDebug">
                    <Platform Name="iOSDevice">
                        <RemoteDir>..\$(PROJECTNAME).app.dSYM\Contents\Resources\DWARF</RemoteDir>
                        <Operation>1</Operation>
                    </Platform>
                </DeployClass>
                <DeployClass Name="Android_SplashImage470">
                    <Platform Name="Android">
                        <RemoteDir>res\drawable-normal</RemoteDir>
                        <Operation>1</Operation>
                    </Platform>
                </DeployClass>
                <DeployClass Name="AndroidLibnativeX86File">
                    <Platform Name="Android">
                        <RemoteDir>library\lib\x86</RemoteDir>
                        <Operation>1</Operation>
                    </Platform>
                </DeployClass>
                <DeployClass Name="ProjectiOSResource">
                    <Platform Name="iOSDevice">
                        <Operation>1</Operation>
                    </Platform>
                    <Platform Name="iOSSimulator">
                        <Operation>1</Operation>
                    </Platform>
                </DeployClass>
                <DeployClass Name="ProjectOSXEntitlements">
                    <Platform Name="OSX32">
                        <RemoteDir>../</RemoteDir>
                        <Operation>1</Operation>
                    </Platform>
                </DeployClass>
                <DeployClass Name="AndroidGDBServer">
                    <Platform Name="Android">
                        <RemoteDir>library\lib\armeabi-v7a</RemoteDir>
                        <Operation>1</Operation>
                    </Platform>
                </DeployClass>
                <DeployClass Name="iPhone_Launch640">
                    <Platform Name="iOSDevice">
                        <Operation>1</Operation>
                    </Platform>
                    <Platform Name="iOSSimulator">
                        <Operation>1</Operation>
                    </Platform>
                </DeployClass>
                <DeployClass Name="Android_SplashImage960">
                    <Platform Name="Android">
                        <RemoteDir>res\drawable-xlarge</RemoteDir>
                        <Operation>1</Operation>
                    </Platform>
                </DeployClass>
                <DeployClass Name="Android_LauncherIcon96">
                    <Platform Name="Android">
                        <RemoteDir>res\drawable-xhdpi</RemoteDir>
                        <Operation>1</Operation>
                    </Platform>
                </DeployClass>
                <DeployClass Name="iPhone_Launch320">
                    <Platform Name="iOSDevice">
                        <Operation>1</Operation>
                    </Platform>
                    <Platform Name="iOSSimulator">
                        <Operation>1</Operation>
                    </Platform>
                </DeployClass>
                <DeployClass Name="Android_LauncherIcon144">
                    <Platform Name="Android">
                        <RemoteDir>res\drawable-xxhdpi</RemoteDir>
                        <Operation>1</Operation>
                    </Platform>
                </DeployClass>
                <DeployClass Name="AndroidLibnativeMipsFile">
                    <Platform Name="Android">
                        <RemoteDir>library\lib\mips</RemoteDir>
                        <Operation>1</Operation>
                    </Platform>
                </DeployClass>
                <DeployClass Name="AndroidSplashImageDef">
                    <Platform Name="Android">
                        <RemoteDir>res\drawable</RemoteDir>
                        <Operation>1</Operation>
                    </Platform>
                </DeployClass>
                <DeployClass Name="DebugSymbols">
                    <Platform Name="OSX32">
                        <RemoteDir>Contents\MacOS</RemoteDir>
                        <Operation>1</Operation>
                    </Platform>
                    <Platform Name="iOSSimulator">
                        <Operation>1</Operation>
                    </Platform>
                    <Platform Name="Win32">
                        <Operation>0</Operation>
                    </Platform>
                </DeployClass>
                <DeployClass Name="DependencyFramework">
                    <Platform Name="OSX32">
                        <RemoteDir>Contents\MacOS</RemoteDir>
                        <Operation>1</Operation>
                        <Extensions>.framework</Extensions>
                    </Platform>
                    <Platform Name="Win32">
                        <Operation>0</Operation>
                    </Platform>
                </DeployClass>
                <DeployClass Name="Android_SplashImage426">
                    <Platform Name="Android">
                        <RemoteDir>res\drawable-small</RemoteDir>
                        <Operation>1</Operation>
                    </Platform>
                </DeployClass>
                <DeployClass Name="ProjectiOSEntitlements">
                    <Platform Name="iOSDevice">
                        <RemoteDir>../</RemoteDir>
                        <Operation>1</Operation>
                    </Platform>
                </DeployClass>
                <DeployClass Name="AdditionalDebugSymbols">
                    <Platform Name="OSX32">
                        <RemoteDir>Contents\MacOS</RemoteDir>
                        <Operation>1</Operation>
                    </Platform>
                    <Platform Name="iOSSimulator">
                        <Operation>1</Operation>
                    </Platform>
                    <Platform Name="Win32">
                        <RemoteDir>Contents\MacOS</RemoteDir>
                        <Operation>0</Operation>
                    </Platform>
                </DeployClass>
                <DeployClass Name="AndroidClassesDexFile">
                    <Platform Name="Android">
                        <RemoteDir>classes</RemoteDir>
                        <Operation>1</Operation>
                    </Platform>
                </DeployClass>
                <DeployClass Name="ProjectiOSInfoPList">
                    <Platform Name="iOSDevice">
                        <Operation>1</Operation>
                    </Platform>
                    <Platform Name="iOSSimulator">
                        <Operation>1</Operation>
                    </Platform>
                </DeployClass>
                <DeployClass Name="iPad_Launch1024">
                    <Platform Name="iOSDevice">
                        <Operation>1</Operation>
                    </Platform>
                    <Platform Name="iOSSimulator">
                        <Operation>1</Operation>
                    </Platform>
                </DeployClass>
                <DeployClass Name="Android_DefaultAppIcon">
                    <Platform Name="Android">
                        <RemoteDir>res\drawable</RemoteDir>
                        <Operation>1</Operation>
                    </Platform>
                </DeployClass>
                <DeployClass Name="ProjectOSXResource">
                    <Platform Name="OSX32">
                        <RemoteDir>Contents\Resources</RemoteDir>
                        <Operation>1</Operation>
                    </Platform>
                </DeployClass>
                <DeployClass Name="ProjectiOSDeviceResourceRules">
                    <Platform Name="iOSDevice">
                        <Operation>1</Operation>
                    </Platform>
                </DeployClass>
                <DeployClass Name="iPad_Launch768">
                    <Platform Name="iOSDevice">
                        <Operation>1</Operation>
                    </Platform>
                    <Platform Name="iOSSimulator">
                        <Operation>1</Operation>
                    </Platform>
                </DeployClass>
                <DeployClass Required="true" Name="ProjectOutput">
                    <Platform Name="iOSDevice">
                        <Operation>1</Operation>
                    </Platform>
                    <Platform Name="Android">
                        <RemoteDir>library\lib\armeabi-v7a</RemoteDir>
                        <Operation>1</Operation>
                    </Platform>
                    <Platform Name="Win32">
                        <Operation>0</Operation>
                    </Platform>
                    <Platform Name="OSX32">
                        <RemoteDir>Contents\MacOS</RemoteDir>
                        <Operation>1</Operation>
                    </Platform>
                    <Platform Name="iOSSimulator">
                        <Operation>1</Operation>
                    </Platform>
                </DeployClass>
                <DeployClass Name="AndroidLibnativeArmeabiFile">
                    <Platform Name="Android">
                        <RemoteDir>library\lib\armeabi</RemoteDir>
                        <Operation>1</Operation>
                    </Platform>
                </DeployClass>
                <DeployClass Name="Android_SplashImage640">
                    <Platform Name="Android">
                        <RemoteDir>res\drawable-large</RemoteDir>
                        <Operation>1</Operation>
                    </Platform>
                </DeployClass>
                <DeployClass Name="File">
                    <Platform Name="iOSDevice">
                        <Operation>0</Operation>
                    </Platform>
                    <Platform Name="Android">
                        <Operation>0</Operation>
                    </Platform>
                    <Platform Name="Win32">
                        <Operation>0</Operation>
                    </Platform>
                    <Platform Name="OSX32">
                        <RemoteDir>Contents\MacOS</RemoteDir>
                        <Operation>0</Operation>
                    </Platform>
                    <Platform Name="iOSSimulator">
                        <Operation>0</Operation>
                    </Platform>
                </DeployClass>
                <DeployClass Name="iPhone_Launch640x1136">
                    <Platform Name="iOSDevice">
                        <Operation>1</Operation>
                    </Platform>
                    <Platform Name="iOSSimulator">
                        <Operation>1</Operation>
                    </Platform>
                </DeployClass>
                <DeployClass Name="Android_LauncherIcon36">
                    <Platform Name="Android">
                        <RemoteDir>res\drawable-ldpi</RemoteDir>
                        <Operation>1</Operation>
                    </Platform>
                </DeployClass>
                <DeployClass Name="AndroidSplashStyles">
                    <Platform Name="Android">
                        <RemoteDir>res\values</RemoteDir>
                        <Operation>1</Operation>
                    </Platform>
                </DeployClass>
                <DeployClass Name="iPad_Launch1536">
                    <Platform Name="iOSDevice">
                        <Operation>1</Operation>
                    </Platform>
                    <Platform Name="iOSSimulator">
                        <Operation>1</Operation>
                    </Platform>
                </DeployClass>
                <DeployClass Name="Android_LauncherIcon48">
                    <Platform Name="Android">
                        <RemoteDir>res\drawable-mdpi</RemoteDir>
                        <Operation>1</Operation>
                    </Platform>
                </DeployClass>
                <DeployClass Name="Android_LauncherIcon72">
                    <Platform Name="Android">
                        <RemoteDir>res\drawable-hdpi</RemoteDir>
                        <Operation>1</Operation>
                    </Platform>
                </DeployClass>
                <DeployClass Name="ProjectAndroidManifest">
                    <Platform Name="Android">
                        <Operation>1</Operation>
                    </Platform>
                </DeployClass>
                <ProjectRoot Platform="Android" Name="$(PROJECTNAME)"/>
                <ProjectRoot Platform="iOSDevice" Name="$(PROJECTNAME).app"/>
                <ProjectRoot Platform="Win32" Name="$(PROJECTNAME)"/>
                <ProjectRoot Platform="OSX32" Name="$(PROJECTNAME).app"/>
                <ProjectRoot Platform="iOSSimulator" Name="$(PROJECTNAME).app"/>
                <ProjectRoot Platform="Win64" Name="$(PROJECTNAME)"/>
            </Deployment>
        </BorlandProject>
        <ProjectFileVersion>12</ProjectFileVersion>
    </ProjectExtensions>
    <Import Project="$(BDS)\Bin\CodeGear.Delphi.Targets" Condition="Exists('$(BDS)\Bin\CodeGear.Delphi.Targets')"/>
    <Import Project="$(APPDATA)\Embarcadero\$(BDSAPPDATABASEDIR)\$(PRODUCTVERSION)\UserTools.proj" Condition="Exists('$(APPDATA)\Embarcadero\$(BDSAPPDATABASEDIR)\$(PRODUCTVERSION)\UserTools.proj')"/>
    <Import Project="$(MSBuildProjectName).deployproj" Condition="Exists('$(MSBuildProjectName).deployproj')"/>
</Project>

<!-- EurekaLog First Line
[Exception Log]
EurekaLog Version=7007
Activate=0
DeleteMapAfterCompile=0
Encrypt Password=""
EurekaLog Last Line -->
